
Microsoft Visual Studio Solution File, Format Version 12.00
# Visual Studio Version 16
VisualStudioVersion = 16.0.31402.337
MinimumVisualStudioVersion = 10.0.40219.1
Project("{2150E333-8FDC-42A3-9474-1A3956D46DE8}") = "01. Presentacion", "01. Presentacion", "{26F242D0-889C-4AEB-8F25-4A67E1277337}"
EndProject
Project("{2150E333-8FDC-42A3-9474-1A3956D46DE8}") = "02. Aplicacion", "02. Aplicacion", "{8EC11FD3-65F2-4D6B-96FD-B56A0E3B932A}"
EndProject
Project("{2150E333-8FDC-42A3-9474-1A3956D46DE8}") = "03. Dominio", "03. Dominio", "{B33DBA77-6CA4-428C-9542-83894633407D}"
EndProject
Project("{2150E333-8FDC-42A3-9474-1A3956D46DE8}") = "04. Infraestructura", "04. Infraestructura", "{B850FB73-B7A4-420D-B24C-8E3A75D155C7}"
EndProject
Project("{2150E333-8FDC-42A3-9474-1A3956D46DE8}") = "05. Pruebas", "05. Pruebas", "{EF7B3A1B-ABFA-4442-AB90-71F32A5FCFF8}"
EndProject
Project("{2150E333-8FDC-42A3-9474-1A3956D46DE8}") = "06. Common", "06. Common", "{7D946B94-068A-4482-B578-AAC5C70254F6}"
EndProject
Project("{FAE04EC0-301F-11D3-BF4B-00C04F79EFBC}") = "Dominio", "Dominio\Dominio.csproj", "{3DB356D2-5500-40E9-B568-7742E306A0F5}"
EndProject
Project("{2150E333-8FDC-42A3-9474-1A3956D46DE8}") = "Datos", "Datos", "{C75EE491-66B7-4F4C-821C-11B1895F7C64}"
EndProject
Project("{2150E333-8FDC-42A3-9474-1A3956D46DE8}") = "Transversal", "Transversal", "{B92FF97B-EC9D-41B7-B270-C4F9202E08D1}"
EndProject
Project("{2150E333-8FDC-42A3-9474-1A3956D46DE8}") = "Core", "Core", "{2EEB389B-1EF5-40EC-AFF0-CC09231F827D}"
EndProject
Project("{2150E333-8FDC-42A3-9474-1A3956D46DE8}") = "Repositorios", "Repositorios", "{4ED67023-73AC-4279-BC19-635C5871DDC0}"
EndProject
Project("{FAE04EC0-301F-11D3-BF4B-00C04F79EFBC}") = "UnitOfWork.SqlServer", "UnitOfWork.SqlServer\UnitOfWork.SqlServer.csproj", "{6E0D4F98-DDBF-4930-8629-A80590F91193}"
EndProject
Project("{FAE04EC0-301F-11D3-BF4B-00C04F79EFBC}") = "Repositorio.SqlServer", "Repositorio.SqlServer\Repositorio.SqlServer.csproj", "{4BD3787C-706A-449B-9166-2C0AC7A54290}"
EndProject
Project("{FAE04EC0-301F-11D3-BF4B-00C04F79EFBC}") = "Common", "Common\Common.csproj", "{C0FE5320-B892-4824-B1DE-7E7217D73730}"
EndProject
Project("{FAE04EC0-301F-11D3-BF4B-00C04F79EFBC}") = "Servicios", "Servicios\Servicios.csproj", "{48F7D969-B535-4819-897F-52F077980F10}"
EndProject
Project("{FAE04EC0-301F-11D3-BF4B-00C04F79EFBC}") = "Servicios.Contratos", "Servicios.Contratos\Servicios.Contratos.csproj", "{C4C2386F-C7B7-4268-BF7A-6536390EA95C}"
EndProject
Project("{FAE04EC0-301F-11D3-BF4B-00C04F79EFBC}") = "UI.Desktop", "UI.Desktop\UI.Desktop.csproj", "{A77F57DE-C50F-407F-ACCF-10C4C50BEB88}"
EndProject
Global
	GlobalSection(SolutionConfigurationPlatforms) = preSolution
		Debug|Any CPU = Debug|Any CPU
		Release|Any CPU = Release|Any CPU
	EndGlobalSection
	GlobalSection(ProjectConfigurationPlatforms) = postSolution
		{3DB356D2-5500-40E9-B568-7742E306A0F5}.Debug|Any CPU.ActiveCfg = Debug|Any CPU
		{3DB356D2-5500-40E9-B568-7742E306A0F5}.Debug|Any CPU.Build.0 = Debug|Any CPU
		{3DB356D2-5500-40E9-B568-7742E306A0F5}.Release|Any CPU.ActiveCfg = Release|Any CPU
		{3DB356D2-5500-40E9-B568-7742E306A0F5}.Release|Any CPU.Build.0 = Release|Any CPU
		{6E0D4F98-DDBF-4930-8629-A80590F91193}.Debug|Any CPU.ActiveCfg = Debug|Any CPU
		{6E0D4F98-DDBF-4930-8629-A80590F91193}.Debug|Any CPU.Build.0 = Debug|Any CPU
		{6E0D4F98-DDBF-4930-8629-A80590F91193}.Release|Any CPU.ActiveCfg = Release|Any CPU
		{6E0D4F98-DDBF-4930-8629-A80590F91193}.Release|Any CPU.Build.0 = Release|Any CPU
		{4BD3787C-706A-449B-9166-2C0AC7A54290}.Debug|Any CPU.ActiveCfg = Debug|Any CPU
		{4BD3787C-706A-449B-9166-2C0AC7A54290}.Debug|Any CPU.Build.0 = Debug|Any CPU
		{4BD3787C-706A-449B-9166-2C0AC7A54290}.Release|Any CPU.ActiveCfg = Release|Any CPU
		{4BD3787C-706A-449B-9166-2C0AC7A54290}.Release|Any CPU.Build.0 = Release|Any CPU
		{C0FE5320-B892-4824-B1DE-7E7217D73730}.Debug|Any CPU.ActiveCfg = Debug|Any CPU
		{C0FE5320-B892-4824-B1DE-7E7217D73730}.Debug|Any CPU.Build.0 = Debug|Any CPU
		{C0FE5320-B892-4824-B1DE-7E7217D73730}.Release|Any CPU.ActiveCfg = Release|Any CPU
		{C0FE5320-B892-4824-B1DE-7E7217D73730}.Release|Any CPU.Build.0 = Release|Any CPU
		{48F7D969-B535-4819-897F-52F077980F10}.Debug|Any CPU.ActiveCfg = Debug|Any CPU
		{48F7D969-B535-4819-897F-52F077980F10}.Debug|Any CPU.Build.0 = Debug|Any CPU
		{48F7D969-B535-4819-897F-52F077980F10}.Release|Any CPU.ActiveCfg = Release|Any CPU
		{48F7D969-B535-4819-897F-52F077980F10}.Release|Any CPU.Build.0 = Release|Any CPU
		{C4C2386F-C7B7-4268-BF7A-6536390EA95C}.Debug|Any CPU.ActiveCfg = Debug|Any CPU
		{C4C2386F-C7B7-4268-BF7A-6536390EA95C}.Debug|Any CPU.Build.0 = Debug|Any CPU
		{C4C2386F-C7B7-4268-BF7A-6536390EA95C}.Release|Any CPU.ActiveCfg = Release|Any CPU
		{C4C2386F-C7B7-4268-BF7A-6536390EA95C}.Release|Any CPU.Build.0 = Release|Any CPU
		{A77F57DE-C50F-407F-ACCF-10C4C50BEB88}.Debug|Any CPU.ActiveCfg = Debug|Any CPU
		{A77F57DE-C50F-407F-ACCF-10C4C50BEB88}.Debug|Any CPU.Build.0 = Debug|Any CPU
		{A77F57DE-C50F-407F-ACCF-10C4C50BEB88}.Release|Any CPU.ActiveCfg = Release|Any CPU
		{A77F57DE-C50F-407F-ACCF-10C4C50BEB88}.Release|Any CPU.Build.0 = Release|Any CPU
	EndGlobalSection
	GlobalSection(SolutionProperties) = preSolution
		HideSolutionNode = FALSE
	EndGlobalSection
	GlobalSection(NestedProjects) = preSolution
		{3DB356D2-5500-40E9-B568-7742E306A0F5} = {B33DBA77-6CA4-428C-9542-83894633407D}
		{C75EE491-66B7-4F4C-821C-11B1895F7C64} = {B850FB73-B7A4-420D-B24C-8E3A75D155C7}
		{B92FF97B-EC9D-41B7-B270-C4F9202E08D1} = {B850FB73-B7A4-420D-B24C-8E3A75D155C7}
		{2EEB389B-1EF5-40EC-AFF0-CC09231F827D} = {C75EE491-66B7-4F4C-821C-11B1895F7C64}
		{4ED67023-73AC-4279-BC19-635C5871DDC0} = {C75EE491-66B7-4F4C-821C-11B1895F7C64}
		{6E0D4F98-DDBF-4930-8629-A80590F91193} = {2EEB389B-1EF5-40EC-AFF0-CC09231F827D}
		{4BD3787C-706A-449B-9166-2C0AC7A54290} = {4ED67023-73AC-4279-BC19-635C5871DDC0}
		{C0FE5320-B892-4824-B1DE-7E7217D73730} = {7D946B94-068A-4482-B578-AAC5C70254F6}
		{48F7D969-B535-4819-897F-52F077980F10} = {8EC11FD3-65F2-4D6B-96FD-B56A0E3B932A}
		{C4C2386F-C7B7-4268-BF7A-6536390EA95C} = {8EC11FD3-65F2-4D6B-96FD-B56A0E3B932A}
		{A77F57DE-C50F-407F-ACCF-10C4C50BEB88} = {26F242D0-889C-4AEB-8F25-4A67E1277337}
	EndGlobalSection
	GlobalSection(ExtensibilityGlobals) = postSolution
		SolutionGuid = {53D2D1AB-254A-470B-8BF8-8B5B2738D646}
	EndGlobalSection
EndGlobal
